
Microsoft Visual Studio Solution File, Format Version 12.00
# Visual Studio Version 17
VisualStudioVersion = 17.5.33502.453
MinimumVisualStudioVersion = 10.0.40219.1
Project("{9A19103F-16F7-4668-BE54-9A1E7A4F7556}") = "ManagementSystem", "ManagementSystem\ManagementSystem.csproj", "{9CE7BCDD-505C-46EC-994F-70F41EE1D04A}"
EndProject
Project("{FAE04EC0-301F-11D3-BF4B-00C04F79EFBC}") = "ManagementSystem.Test", "ManagementSystem.Test\ManagementSystem.Test.csproj", "{8A0592C8-7B34-4E2C-968C-179D122C3CDB}"
EndProject
Global
	GlobalSection(SolutionConfigurationPlatforms) = preSolution
		Debug|Any CPU = Debug|Any CPU
		Release|Any CPU = Release|Any CPU
	EndGlobalSection
	GlobalSection(ProjectConfigurationPlatforms) = postSolution
		{9CE7BCDD-505C-46EC-994F-70F41EE1D04A}.Debug|Any CPU.ActiveCfg = Debug|Any CPU
		{9CE7BCDD-505C-46EC-994F-70F41EE1D04A}.Debug|Any CPU.Build.0 = Debug|Any CPU
		{9CE7BCDD-505C-46EC-994F-70F41EE1D04A}.Release|Any CPU.ActiveCfg = Release|Any CPU
		{9CE7BCDD-505C-46EC-994F-70F41EE1D04A}.Release|Any CPU.Build.0 = Release|Any CPU
		{8A0592C8-7B34-4E2C-968C-179D122C3CDB}.Debug|Any CPU.ActiveCfg = Debug|Any CPU
		{8A0592C8-7B34-4E2C-968C-179D122C3CDB}.Debug|Any CPU.Build.0 = Debug|Any CPU
		{8A0592C8-7B34-4E2C-968C-179D122C3CDB}.Release|Any CPU.ActiveCfg = Release|Any CPU
		{8A0592C8-7B34-4E2C-968C-179D122C3CDB}.Release|Any CPU.Build.0 = Release|Any CPU
	EndGlobalSection
	GlobalSection(SolutionProperties) = preSolution
		HideSolutionNode = FALSE
	EndGlobalSection
	GlobalSection(ExtensibilityGlobals) = postSolution
		SolutionGuid = {53016428-004F-42EF-AFE3-80AB7AB27E3A}
	EndGlobalSection
EndGlobal
